version: 6
environments:
  default:
    channels:
    - url: https://conda.anaconda.org/conda-forge/
    packages:
      linux-64:
      - conda: https://conda.anaconda.org/conda-forge/linux-64/_libgcc_mutex-0.1-conda_forge.tar.bz2
      - conda: https://conda.anaconda.org/conda-forge/linux-64/_openmp_mutex-4.5-2_gnu.tar.bz2
      - conda: https://conda.anaconda.org/conda-forge/linux-64/binutils_impl_linux-64-2.43-h4bf12b8_2.conda
      - conda: https://conda.anaconda.org/conda-forge/linux-64/gcc_impl_linux-64-14.2.0-h6b349bd_1.conda
      - conda: https://conda.anaconda.org/conda-forge/noarch/kernel-headers_linux-64-3.10.0-he073ed8_18.conda
      - conda: https://conda.anaconda.org/conda-forge/linux-64/ld_impl_linux-64-2.43-h712a8e2_2.conda
      - conda: https://conda.anaconda.org/conda-forge/linux-64/libgcc-14.2.0-h77fa898_1.conda
      - conda: https://conda.anaconda.org/conda-forge/noarch/libgcc-devel_linux-64-14.2.0-h41c2201_101.conda
      - conda: https://conda.anaconda.org/conda-forge/linux-64/libgomp-14.2.0-h77fa898_1.conda
      - conda: https://conda.anaconda.org/conda-forge/linux-64/libsanitizer-14.2.0-h2a3dede_1.conda
      - conda: https://conda.anaconda.org/conda-forge/linux-64/libstdcxx-14.2.0-hc0a3c3a_1.conda
      - conda: https://conda.anaconda.org/conda-forge/linux-64/libzlib-1.3.1-hb9d3cd8_2.conda
      - conda: https://conda.anaconda.org/conda-forge/linux-64/rust-1.82.0-h1a8d7c4_1.conda
      - conda: https://conda.anaconda.org/conda-forge/noarch/rust-src-1.82.0-unix_1.conda
      - conda: https://conda.anaconda.org/conda-forge/noarch/rust-std-x86_64-unknown-linux-gnu-1.82.0-h2c6d0dc_1.conda
      - conda: https://conda.anaconda.org/conda-forge/noarch/sysroot_linux-64-2.17-h4a8ded7_18.conda
      - conda: https://conda.anaconda.org/conda-forge/noarch/tzdata-2024b-hc8b5060_0.conda
      osx-64:
      - conda: https://conda.anaconda.org/conda-forge/osx-64/rust-1.82.0-h19b26b3_1.conda
      - conda: https://conda.anaconda.org/conda-forge/noarch/rust-src-1.82.0-unix_1.conda
      - conda: https://conda.anaconda.org/conda-forge/noarch/rust-std-x86_64-apple-darwin-1.82.0-h38e4360_1.conda
      osx-arm64:
      - conda: https://conda.anaconda.org/conda-forge/osx-arm64/rust-1.82.0-h4ff7c5d_1.conda
      - conda: https://conda.anaconda.org/conda-forge/noarch/rust-src-1.82.0-unix_1.conda
      - conda: https://conda.anaconda.org/conda-forge/noarch/rust-std-aarch64-apple-darwin-1.82.0-hf6ec828_1.conda
      win-64:
      - conda: https://conda.anaconda.org/conda-forge/win-64/rust-1.82.0-hf8d6059_1.conda
      - conda: https://conda.anaconda.org/conda-forge/noarch/rust-src-1.82.0-win_1.conda
      - conda: https://conda.anaconda.org/conda-forge/noarch/rust-std-x86_64-pc-windows-msvc-1.82.0-h17fc481_1.conda
packages:
- conda: https://conda.anaconda.org/conda-forge/linux-64/_libgcc_mutex-0.1-conda_forge.tar.bz2
  sha256: fe51de6107f9edc7aa4f786a70f4a883943bc9d39b3bb7307c04c41410990726
  md5: d7c89558ba9fa0495403155b64376d81
  license: None
  size: 2562
  timestamp: 1578324546067
- conda: https://conda.anaconda.org/conda-forge/linux-64/_openmp_mutex-4.5-2_gnu.tar.bz2
  build_number: 16
  sha256: fbe2c5e56a653bebb982eda4876a9178aedfc2b545f25d0ce9c4c0b508253d22
  md5: 73aaf86a425cc6e73fcf236a5a46396d
  depends:
  - _libgcc_mutex 0.1 conda_forge
  - libgomp >=7.5.0
  constrains:
  - openmp_impl 9999
  license: BSD-3-Clause
  license_family: BSD
  size: 23621
  timestamp: 1650670423406
- conda: https://conda.anaconda.org/conda-forge/linux-64/binutils_impl_linux-64-2.43-h4bf12b8_2.conda
  sha256: 267e78990247369b13234bda270f31beb56a600b4851a8244e31dd9ad85b3b17
  md5: cf0c5521ac2a20dfa6c662a4009eeef6
  depends:
  - ld_impl_linux-64 2.43 h712a8e2_2
  - sysroot_linux-64
  license: GPL-3.0-only
  license_family: GPL
  size: 5682777
  timestamp: 1729655371045
- conda: https://conda.anaconda.org/conda-forge/linux-64/gcc_impl_linux-64-14.2.0-h6b349bd_1.conda
  sha256: 0cadb23ebe6d95216c8eab57fdc1e76c8f98a10b8bdd0d922b9ccde94706dd95
  md5: 0551d01d65027359bf011c049f9c6401
  depends:
  - binutils_impl_linux-64 >=2.40
  - libgcc >=14.2.0
  - libgcc-devel_linux-64 14.2.0 h41c2201_101
  - libgomp >=14.2.0
  - libsanitizer 14.2.0 h2a3dede_1
  - libstdcxx >=14.2.0
  - sysroot_linux-64
  license: GPL-3.0-only WITH GCC-exception-3.1
  license_family: GPL
  size: 72496116
  timestamp: 1729027827248
- conda: https://conda.anaconda.org/conda-forge/noarch/kernel-headers_linux-64-3.10.0-he073ed8_18.conda
  sha256: a922841ad80bd7b222502e65c07ecb67e4176c4fa5b03678a005f39fcc98be4b
  md5: ad8527bf134a90e1c9ed35fa0b64318c
  constrains:
  - sysroot_linux-64 ==2.17
  license: LGPL-2.0-or-later AND LGPL-2.0-or-later WITH exceptions AND GPL-2.0-or-later AND MPL-2.0
  license_family: GPL
  size: 943486
  timestamp: 1729794504440
- conda: https://conda.anaconda.org/conda-forge/linux-64/ld_impl_linux-64-2.43-h712a8e2_2.conda
  sha256: 7c91cea91b13f4314d125d1bedb9d03a29ebbd5080ccdea70260363424646dbe
  md5: 048b02e3962f066da18efe3a21b77672
  depends:
  - __glibc >=2.17,<3.0.a0
  constrains:
  - binutils_impl_linux-64 2.43
  license: GPL-3.0-only
  license_family: GPL
  size: 669211
  timestamp: 1729655358674
- conda: https://conda.anaconda.org/conda-forge/linux-64/libgcc-14.2.0-h77fa898_1.conda
  sha256: 53eb8a79365e58849e7b1a068d31f4f9e718dc938d6f2c03e960345739a03569
  md5: 3cb76c3f10d3bc7f1105b2fc9db984df
  depends:
  - _libgcc_mutex 0.1 conda_forge
  - _openmp_mutex >=4.5
  constrains:
  - libgomp 14.2.0 h77fa898_1
  - libgcc-ng ==14.2.0=*_1
  license: GPL-3.0-only WITH GCC-exception-3.1
  license_family: GPL
  size: 848745
  timestamp: 1729027721139
- conda: https://conda.anaconda.org/conda-forge/noarch/libgcc-devel_linux-64-14.2.0-h41c2201_101.conda
  sha256: 939f73ccab0ef61d02b26e348adcbf0ebd249914073a62e861ca45d125c9335c
  md5: fb126e22f5350c15fec6ddbd062f4871
  depends:
  - __unix
  license: GPL-3.0-only WITH GCC-exception-3.1
  license_family: GPL
  size: 2753144
  timestamp: 1729027627734
- conda: https://conda.anaconda.org/conda-forge/linux-64/libgomp-14.2.0-h77fa898_1.conda
  sha256: 1911c29975ec99b6b906904040c855772ccb265a1c79d5d75c8ceec4ed89cd63
  md5: cc3573974587f12dda90d96e3e55a702
  depends:
  - _libgcc_mutex 0.1 conda_forge
  license: GPL-3.0-only WITH GCC-exception-3.1
  license_family: GPL
  size: 460992
  timestamp: 1729027639220
- conda: https://conda.anaconda.org/conda-forge/linux-64/libsanitizer-14.2.0-h2a3dede_1.conda
  sha256: 2e2c078118ed7fb614b0cee492b540c59ba74e4adb6d6dd9fa66e96af6d166c1
  md5: 160623b9425f5c04941586da43bd1a9c
  depends:
  - libgcc >=14.2.0
  - libstdcxx >=14.2.0
  license: GPL-3.0-only WITH GCC-exception-3.1
  license_family: GPL
  size: 4496423
  timestamp: 1729027764926
- conda: https://conda.anaconda.org/conda-forge/linux-64/libstdcxx-14.2.0-hc0a3c3a_1.conda
  sha256: 4661af0eb9bdcbb5fb33e5d0023b001ad4be828fccdcc56500059d56f9869462
  md5: 234a5554c53625688d51062645337328
  depends:
  - libgcc 14.2.0 h77fa898_1
  license: GPL-3.0-only WITH GCC-exception-3.1
  license_family: GPL
  size: 3893695
  timestamp: 1729027746910
- conda: https://conda.anaconda.org/conda-forge/linux-64/libzlib-1.3.1-hb9d3cd8_2.conda
  sha256: d4bfe88d7cb447768e31650f06257995601f89076080e76df55e3112d4e47dc4
  md5: edb0dca6bc32e4f4789199455a1dbeb8
  depends:
  - __glibc >=2.17,<3.0.a0
  - libgcc >=13
  constrains:
  - zlib 1.3.1 *_2
  license: Zlib
  license_family: Other
  size: 60963
  timestamp: 1727963148474
- conda: https://conda.anaconda.org/conda-forge/linux-64/rust-1.82.0-h1a8d7c4_1.conda
  sha256: 66a451f6e0300242cb0e014ba49155bf6d7bfb896ceb0805ba3d5d39cd29bb85
  md5: 56bb3e7d0ebe7d64b186c91460896061
  depends:
  - __glibc >=2.17,<3.0.a0
  - gcc_impl_linux-64
  - libgcc >=13
  - libzlib >=1.3.1,<2.0a0
  - rust-std-x86_64-unknown-linux-gnu 1.82.0 h2c6d0dc_1
  - sysroot_linux-64 >=2.17
  license: MIT
  license_family: MIT
  size: 209712025
  timestamp: 1732290451631
- conda: https://conda.anaconda.org/conda-forge/osx-64/rust-1.82.0-h19b26b3_1.conda
  sha256: 876950e389bcbce0b3d1335ed36281ef8210d06de74f7e9da6048bbb6f859129
  md5: 9a8ff6d27d829db43ca424b8e6604efe
  depends:
  - rust-std-x86_64-apple-darwin 1.82.0 h38e4360_1
  license: MIT
  license_family: MIT
  size: 212975100
  timestamp: 1732293417148
- conda: https://conda.anaconda.org/conda-forge/osx-arm64/rust-1.82.0-h4ff7c5d_1.conda
  sha256: fcfec44ef5ffbc21877e71d7f90cc769afd100c869d5e28046777c8cba166085
  md5: ed535db571baba41084be86a77e7b203
  depends:
  - rust-std-aarch64-apple-darwin 1.82.0 hf6ec828_1
  license: MIT
  license_family: MIT
  size: 207135850
  timestamp: 1732292697729
- conda: https://conda.anaconda.org/conda-forge/win-64/rust-1.82.0-hf8d6059_1.conda
  sha256: 17fd751a3f142ef2ebaa8a2abca52e9528a3c1346d4e63a375d133ca376bd775
  md5: e0f8f6ac959c61657b27cdc250c84320
  depends:
  - rust-std-x86_64-pc-windows-msvc 1.82.0 h17fc481_1
  license: MIT
  license_family: MIT
  size: 206098437
  timestamp: 1732292818770
- conda: https://conda.anaconda.org/conda-forge/noarch/rust-src-1.82.0-unix_1.conda
  sha256: d813d599f40b6f03acdfaf301d9501dc5238f647ad8f1feabf07f85660620094
  md5: ef03889fc6a8be5c02e89d7dd4dd778c
  depends:
  - __unix
  constrains:
  - rust >=1.82.0,<1.82.1.0a0
  license: MIT
  license_family: MIT
  size: 3456760
  timestamp: 1732289639350
- conda: https://conda.anaconda.org/conda-forge/noarch/rust-src-1.82.0-win_1.conda
  sha256: 325cc4a0531e6aa1a24d0ebe9b9fd90efb6b1dc1779236d8680ebb26f31a3bfd
  md5: 0bf842a76fa7838798f40c8280d74c96
  depends:
  - __win
  constrains:
  - rust >=1.82.0,<1.82.1.0a0
  license: MIT
  license_family: MIT
  size: 3448794
  timestamp: 1732291114474
- conda: https://conda.anaconda.org/conda-forge/noarch/rust-std-aarch64-apple-darwin-1.82.0-hf6ec828_1.conda
  sha256: e55150bd9e2b6a96107695f053d41bf90b1dd63603fcc0f33b59e15ea2700f42
  md5: 1ca87679fee183272aec5a1275159d16
  depends:
  - __unix
  constrains:
  - rust >=1.82.0,<1.82.1.0a0
  license: MIT
  license_family: MIT
  size: 31712084
  timestamp: 1732289518031
- conda: https://conda.anaconda.org/conda-forge/noarch/rust-std-x86_64-apple-darwin-1.82.0-h38e4360_1.conda
  sha256: 6a32a4f03b9fe482c2b020da2c40973eada9ea584c16d3834f0479fabcc3f044
  md5: 3d74b3028014fb830ef133568c16e64c
  depends:
  - __unix
  constrains:
  - rust >=1.82.0,<1.82.1.0a0
  license: MIT
  license_family: MIT
  size: 33512908
  timestamp: 1732289519725
- conda: https://conda.anaconda.org/conda-forge/noarch/rust-std-x86_64-pc-windows-msvc-1.82.0-h17fc481_1.conda
  sha256: 288accf5277215bd8120618e70b03ad7bd5baf224366e9aef1c53333928cc552
  md5: 281210e082a9eee66c44e3f49b35ab74
  depends:
  - __win
  constrains:
  - rust >=1.82.0,<1.82.1.0a0
  license: MIT
  license_family: MIT
  size: 26940418
  timestamp: 1732292544591
- conda: https://conda.anaconda.org/conda-forge/noarch/rust-std-x86_64-unknown-linux-gnu-1.82.0-h2c6d0dc_1.conda
  sha256: 0e1bacf2c4255a441cdf1f65dc9e08d4d45cd766faa3b863eddc0fbaf21c6278
  md5: 797bdcc4b29772949a21f951265fceb3
  depends:
  - __unix
  constrains:
  - rust >=1.82.0,<1.82.1.0a0
  license: MIT
  license_family: MIT
  size: 35921074
  timestamp: 1732290266047
- conda: https://conda.anaconda.org/conda-forge/noarch/sysroot_linux-64-2.17-h4a8ded7_18.conda
  sha256: 23c7ab371c1b74d01a187e05aa7240e3f5654599e364a9adff7f0b02e26f471f
  md5: 0ea96f90a10838f58412aa84fdd9df09
  depends:
  - kernel-headers_linux-64 3.10.0 he073ed8_18
  - tzdata
  license: LGPL-2.0-or-later AND LGPL-2.0-or-later WITH exceptions AND GPL-2.0-or-later AND MPL-2.0
  license_family: GPL
  size: 15500960
  timestamp: 1729794510631
- conda: https://conda.anaconda.org/conda-forge/noarch/tzdata-2024b-hc8b5060_0.conda
  sha256: 4fde5c3008bf5d2db82f2b50204464314cc3c91c1d953652f7bd01d9e52aefdf
  md5: 8ac3367aafb1cc0a068483c580af8015
  license: LicenseRef-Public-Domain
  size: 122354
  timestamp: 1728047496079
